github.com/kinbor/learn-go/two/gnet v0.0.0-20200322052115-04d36ec9de84 h1:cyjMJoWPn4yZsvd8VVSxmndi7fwmRmqYXXeEalpsZso=
github.com/kinbor/learn-go/two/gnet v0.0.0-20200322052115-04d36ec9de84/go.mod h1:0iiInvgXvm9YWuw5Ua581EMft6bQpzTgqBtPxDMkeDc=
github.com/kinbor/learn-go/two/gnet v0.0.0-20200322054041-1c928cb55d91 h1:Gw7JjVg1LgDikZlZpah+Psxd4CEoHoxrekW67eGNFwc=
github.com/kinbor/learn-go/two/gnet v0.0.0-20200322054041-1c928cb55d91/go.mod h1:0iiInvgXvm9YWuw5Ua581EMft6bQpzTgqBtPxDMkeDc=
