github.com/kinbor/learn-go v0.0.0-20200321070224-c63c0cbb2930 h1:uqsaw0JMeFBjFMRllmyC+mF/cSKfVEwVsD870Aq98Wg=
github.com/kinbor/learn-go v0.0.0-20200321071138-598079ce3273 h1:tnsQlg44Pyby8otA8a3S9l1t1i0mzfwCfamZzm0jcYI=
github.com/kinbor/learn-go v0.0.0-20200322033136-a1eff0d1676e h1:5tLJUPV8q9f3c1/TFfUqtEh4mgWFyHtP5M9fgP13kFQ=
github.com/kinbor/learn-go v0.0.0-20200322051551-c76b1a818fe9 h1:i1Zdc4KSru6nrYE6MgKn3kzckUffj9DX8wz3pcqifdA=
github.com/kinbor/learn-go/two/gnet v0.0.0-20200322051551-c76b1a818fe9 h1:pcgPEk9+dkZt0gxcijpM3Vy1Cf1Ji5Fd7vof24Uof/A=
