github.com/kinbor/learn-gomod/one/gcrypto v0.0.0-20200320142745-e944ffc987c7 h1:x2ubsh6Nw/FSEMmEV/rnv7skD9rzA6FI6ZVLU6X8of4=
github.com/kinbor/learn-gomod/one/gcrypto v0.0.0-20200320142745-e944ffc987c7/go.mod h1:2f0tjXYRDZXYxTc+FpC6yMBFPbHnRNqmaIhDUDvHNPs=
github.com/pkg/profile v1.4.0 h1:uCmaf4vVbWAOZz36k1hrQD7ijGRzLwaME8Am/7a4jZI=
github.com/pkg/profile v1.4.0/go.mod h1:NWz/XGvpEW1FyYQ7fCx4dqYBLlfTcE+A9FLAkNKqjFE=
